
Microsoft Visual Studio Solution File, Format Version 12.00
# Visual Studio Version 16
VisualStudioVersion = 16.0.31129.286
MinimumVisualStudioVersion = 10.0.40219.1
Project("{FAE04EC0-301F-11D3-BF4B-00C04F79EFBC}") = "AG2", "AG2\AG2.csproj", "{2B4B6AE5-55C3-4869-B384-10E3F8100529}"
EndProject
Global
	GlobalSection(SolutionConfigurationPlatforms) = preSolution
		Debug|Any CPU = Debug|Any CPU
		Release|Any CPU = Release|Any CPU
	EndGlobalSection
	GlobalSection(ProjectConfigurationPlatforms) = postSolution
		{2B4B6AE5-55C3-4869-B384-10E3F8100529}.Debug|Any CPU.ActiveCfg = Debug|Any CPU
		{2B4B6AE5-55C3-4869-B384-10E3F8100529}.Debug|Any CPU.Build.0 = Debug|Any CPU
		{2B4B6AE5-55C3-4869-B384-10E3F8100529}.Release|Any CPU.ActiveCfg = Release|Any CPU
		{2B4B6AE5-55C3-4869-B384-10E3F8100529}.Release|Any CPU.Build.0 = Release|Any CPU
	EndGlobalSection
	GlobalSection(SolutionProperties) = preSolution
		HideSolutionNode = FALSE
	EndGlobalSection
	GlobalSection(ExtensibilityGlobals) = postSolution
		SolutionGuid = {5986AE41-F638-47D6-BD3E-C96EF25A052A}
	EndGlobalSection
EndGlobal
